[root]
name = "bailey"
version = "0.1.0"
dependencies = [
 "getopts 0.2.14 (registry+https://github.com/rust-lang/crates.io-index)",
 "oak 0.3.14 (git+https://github.com/ptal/oak.git)",
 "oak_runtime 0.3.7 (git+https://github.com/ptal/oak.git)",
]

[[package]]
name = "getopts"
version = "0.2.14"
source = "registry+https://github.com/rust-lang/crates.io-index"

[[package]]
name = "oak"
version = "0.3.14"
source = "git+https://github.com/ptal/oak.git#98c8a3af801764e0e453a7a98ac31e7dacc34f63"

[[package]]
name = "oak_runtime"
version = "0.3.7"
source = "git+https://github.com/ptal/oak.git#98c8a3af801764e0e453a7a98ac31e7dacc34f63"

